
Microsoft Visual Studio Solution File, Format Version 12.00
# Visual Studio 15
VisualStudioVersion = 15.0.28010.2036
MinimumVisualStudioVersion = 10.0.40219.1
Project("{FAE04EC0-301F-11D3-BF4B-00C04F79EFBC}") = "Exoft.Selenium.MultiBrowser.Core", "Exoft.Selenium.MultiBrowser.Core\Exoft.Selenium.MultiBrowser.Core.csproj", "{13DA61EE-1EA8-478D-B39D-F1E2EE59AAA4}"
EndProject
Global
	GlobalSection(SolutionConfigurationPlatforms) = preSolution
		Debug|Any CPU = Debug|Any CPU
		Release|Any CPU = Release|Any CPU
	EndGlobalSection
	GlobalSection(ProjectConfigurationPlatforms) = postSolution
		{13DA61EE-1EA8-478D-B39D-F1E2EE59AAA4}.Debug|Any CPU.ActiveCfg = Debug|Any CPU
		{13DA61EE-1EA8-478D-B39D-F1E2EE59AAA4}.Debug|Any CPU.Build.0 = Debug|Any CPU
		{13DA61EE-1EA8-478D-B39D-F1E2EE59AAA4}.Release|Any CPU.ActiveCfg = Release|Any CPU
		{13DA61EE-1EA8-478D-B39D-F1E2EE59AAA4}.Release|Any CPU.Build.0 = Release|Any CPU
	EndGlobalSection
	GlobalSection(SolutionProperties) = preSolution
		HideSolutionNode = FALSE
	EndGlobalSection
	GlobalSection(ExtensibilityGlobals) = postSolution
		SolutionGuid = {C4727C59-EBB2-4CFE-8C53-1539658621F7}
	EndGlobalSection
EndGlobal
